// !$*UTF8*$!
{
	archiveVersion = 1;
	classes = {
	};
	objectVersion = 48;
	objects = {

/* Begin PBXBuildFile section */
		000CCE561FB20A5800F81C03 /* Animate.swift in Sources */ = {isa = PBXBuildFile; fileRef = 000CCE541FB20A5800F81C03 /* Animate.swift */; };
		000CCE571FB20A5800F81C03 /* UserDefaultsManager.swift in Sources */ = {isa = PBXBuildFile; fileRef = 000CCE551FB20A5800F81C03 /* UserDefaultsManager.swift */; };
		000CCE591FB20A8100F81C03 /* SectionController.swift in Sources */ = {isa = PBXBuildFile; fileRef = 000CCE581FB20A8100F81C03 /* SectionController.swift */; };
		003D22DE1FBF0AC900AAA9DF /* cam.jpg in Resources */ = {isa = PBXBuildFile; fileRef = 003D22DD1FBF0AC800AAA9DF /* cam.jpg */; };
		003D22E01FBF0DF200AAA9DF /* nothing.png in Resources */ = {isa = PBXBuildFile; fileRef = 003D22DF1FBF0DF200AAA9DF /* nothing.png */; };
		0058B0631F127B6E008EA176 /* AppDelegate.swift in Sources */ = {isa = PBXBuildFile; fileRef = 0058B0621F127B6E008EA176 /* AppDelegate.swift */; };
		0058B0651F127B6E008EA176 /* MainViewController.swift in Sources */ = {isa = PBXBuildFile; fileRef = 0058B0641F127B6E008EA176 /* MainViewController.swift */; };
		0058B0681F127B6E008EA176 /* Main.storyboard in Resources */ = {isa = PBXBuildFile; fileRef = 0058B0661F127B6E008EA176 /* Main.storyboard */; };
		0058B06A1F127B6E008EA176 /* Assets.xcassets in Resources */ = {isa = PBXBuildFile; fileRef = 0058B0691F127B6E008EA176 /* Assets.xcassets */; };
		0058B06D1F127B6E008EA176 /* LaunchScreen.storyboard in Resources */ = {isa = PBXBuildFile; fileRef = 0058B06B1F127B6E008EA176 /* LaunchScreen.storyboard */; };
		00CFD6851FBB753B00ECC0CD /* AdminViewController.swift in Sources */ = {isa = PBXBuildFile; fileRef = 00CFD6841FBB753B00ECC0CD /* AdminViewController.swift */; };
		00CFD6871FBB75CD00ECC0CD /* Parser2.swift in Sources */ = {isa = PBXBuildFile; fileRef = 00CFD6861FBB75CD00ECC0CD /* Parser2.swift */; };
		00F85DF31F129877001B2255 /* Parser1.swift in Sources */ = {isa = PBXBuildFile; fileRef = 00F85DF21F129877001B2255 /* Parser1.swift */; };
		7E07B3781FD67BA90012145E /* cambg.jpg in Resources */ = {isa = PBXBuildFile; fileRef = 7E07B3771FD67BA90012145E /* cambg.jpg */; };
		7E07B37A1FD680D60012145E /* cam3bg.jpg in Resources */ = {isa = PBXBuildFile; fileRef = 7E07B3791FD680D60012145E /* cam3bg.jpg */; };
		7E13CD5E1FDCD0560085D218 /* Icon-87.png in Resources */ = {isa = PBXBuildFile; fileRef = 7E13CD3F1FDCD0540085D218 /* Icon-87.png */; };
		7E13CD5F1FDCD0560085D218 /* Icon-64.png in Resources */ = {isa = PBXBuildFile; fileRef = 7E13CD401FDCD0540085D218 /* Icon-64.png */; };
		7E13CD601FDCD0560085D218 /* Icon-58.png in Resources */ = {isa = PBXBuildFile; fileRef = 7E13CD411FDCD0540085D218 /* Icon-58.png */; };
		7E13CD611FDCD0560085D218 /* Icon-55.png in Resources */ = {isa = PBXBuildFile; fileRef = 7E13CD421FDCD0540085D218 /* Icon-55.png */; };
		7E13CD621FDCD0560085D218 /* Icon-60.png in Resources */ = {isa = PBXBuildFile; fileRef = 7E13CD431FDCD0540085D218 /* Icon-60.png */; };
		7E13CD631FDCD0560085D218 /* Icon-172.png in Resources */ = {isa = PBXBuildFile; fileRef = 7E13CD441FDCD0540085D218 /* Icon-172.png */; };
		7E13CD641FDCD0560085D218 /* Icon-512.png in Resources */ = {isa = PBXBuildFile; fileRef = 7E13CD451FDCD0540085D218 /* Icon-512.png */; };
		7E13CD651FDCD0560085D218 /* Icon-1024.png in Resources */ = {isa = PBXBuildFile; fileRef = 7E13CD461FDCD0540085D218 /* Icon-1024.png */; };
		7E13CD661FDCD0560085D218 /* Icon-40.png in Resources */ = {isa = PBXBuildFile; fileRef = 7E13CD471FDCD0540085D218 /* Icon-40.png */; };
		7E13CD671FDCD0560085D218 /* Icon-32.png in Resources */ = {isa = PBXBuildFile; fileRef = 7E13CD481FDCD0540085D218 /* Icon-32.png */; };
		7E13CD681FDCD0560085D218 /* Icon-152.png in Resources */ = {isa = PBXBuildFile; fileRef = 7E13CD491FDCD0540085D218 /* Icon-152.png */; };
		7E13CD691FDCD0560085D218 /* Icon-29.png in Resources */ = {isa = PBXBuildFile; fileRef = 7E13CD4A1FDCD0540085D218 /* Icon-29.png */; };
		7E13CD6A1FDCD0560085D218 /* Icon-144.png in Resources */ = {isa = PBXBuildFile; fileRef = 7E13CD4B1FDCD0540085D218 /* Icon-144.png */; };
		7E13CD6B1FDCD0560085D218 /* Icon-50.png in Resources */ = {isa = PBXBuildFile; fileRef = 7E13CD4C1FDCD0550085D218 /* Icon-50.png */; };
		7E13CD6C1FDCD0560085D218 /* Icon-120.png in Resources */ = {isa = PBXBuildFile; fileRef = 7E13CD4D1FDCD0550085D218 /* Icon-120.png */; };
		7E13CD6D1FDCD0560085D218 /* Icon-57.png in Resources */ = {isa = PBXBuildFile; fileRef = 7E13CD4E1FDCD0550085D218 /* Icon-57.png */; };
		7E13CD6E1FDCD0560085D218 /* Icon-48.png in Resources */ = {isa = PBXBuildFile; fileRef = 7E13CD4F1FDCD0550085D218 /* Icon-48.png */; };
		7E13CD6F1FDCD0560085D218 /* Icon-196.png in Resources */ = {isa = PBXBuildFile; fileRef = 7E13CD501FDCD0550085D218 /* Icon-196.png */; };
		7E13CD701FDCD0560085D218 /* Icon-167.png in Resources */ = {isa = PBXBuildFile; fileRef = 7E13CD511FDCD0550085D218 /* Icon-167.png */; };
		7E13CD711FDCD0560085D218 /* Icon-16.png in Resources */ = {isa = PBXBuildFile; fileRef = 7E13CD521FDCD0550085D218 /* Icon-16.png */; };
		7E13CD721FDCD0560085D218 /* Icon-20.png in Resources */ = {isa = PBXBuildFile; fileRef = 7E13CD531FDCD0550085D218 /* Icon-20.png */; };
		7E13CD731FDCD0560085D218 /* Icon-100.png in Resources */ = {isa = PBXBuildFile; fileRef = 7E13CD541FDCD0550085D218 /* Icon-100.png */; };
		7E13CD741FDCD0560085D218 /* Icon-114.png in Resources */ = {isa = PBXBuildFile; fileRef = 7E13CD551FDCD0550085D218 /* Icon-114.png */; };
		7E13CD751FDCD0560085D218 /* Icon-128.png in Resources */ = {isa = PBXBuildFile; fileRef = 7E13CD561FDCD0550085D218 /* Icon-128.png */; };
		7E13CD761FDCD0560085D218 /* Icon-180.png in Resources */ = {isa = PBXBuildFile; fileRef = 7E13CD571FDCD0560085D218 /* Icon-180.png */; };
		7E13CD781FDCD0560085D218 /* Icon-76.png in Resources */ = {isa = PBXBuildFile; fileRef = 7E13CD591FDCD0560085D218 /* Icon-76.png */; };
		7E13CD791FDCD0560085D218 /* Icon-88.png in Resources */ = {isa = PBXBuildFile; fileRef = 7E13CD5A1FDCD0560085D218 /* Icon-88.png */; };
		7E13CD7A1FDCD0560085D218 /* Icon-256.png in Resources */ = {isa = PBXBuildFile; fileRef = 7E13CD5B1FDCD0560085D218 /* Icon-256.png */; };
		7E13CD7B1FDCD0560085D218 /* Icon-72.png in Resources */ = {isa = PBXBuildFile; fileRef = 7E13CD5C1FDCD0560085D218 /* Icon-72.png */; };
		7E13CD7C1FDCD0560085D218 /* Icon-80.png in Resources */ = {isa = PBXBuildFile; fileRef = 7E13CD5D1FDCD0560085D218 /* Icon-80.png */; };
		7E13CD7E1FDCD4910085D218 /* Images in Resources */ = {isa = PBXBuildFile; fileRef = 7E13CD7D1FDCD4910085D218 /* Images */; };
		7EE0759E1FD6DCF800EFD72E /* RoundTableView.swift in Sources */ = {isa = PBXBuildFile; fileRef = 7EE0759D1FD6DCF800EFD72E /* RoundTableView.swift */; };
		7EE075A01FD6DE5900EFD72E /* Roundbutton.swift in Sources */ = {isa = PBXBuildFile; fileRef = 7EE0759F1FD6DE5900EFD72E /* Roundbutton.swift */; };
		7EE43B8D1FD6F4DB0007AD76 /* RoundView.swift in Sources */ = {isa = PBXBuildFile; fileRef = 7EE43B8C1FD6F4DB0007AD76 /* RoundView.swift */; };
		7EE43B8F1FD6F7390007AD76 /* RoundImageView.swift in Sources */ = {isa = PBXBuildFile; fileRef = 7EE43B8E1FD6F7390007AD76 /* RoundImageView.swift */; };
		7EF664A71FD6E00B00B284D4 /* logo_lashop.png in Resources */ = {isa = PBXBuildFile; fileRef = 7EF664A61FD6E00B00B284D4 /* logo_lashop.png */; };
		7EF664A91FD6E5E800B284D4 /* Blurred_slider_background.jpg in Resources */ = {isa = PBXBuildFile; fileRef = 7EF664A81FD6E5E800B284D4 /* Blurred_slider_background.jpg */; };
/* End PBXBuildFile section */

/* Begin PBXFileReference section */
		000CCE541FB20A5800F81C03 /* Animate.swift */ = {isa = PBXFileReference; fileEncoding = 4; lastKnownFileType = sourcecode.swift; path = Animate.swift; sourceTree = "<group>"; };
		000CCE551FB20A5800F81C03 /* UserDefaultsManager.swift */ = {isa = PBXFileReference; fileEncoding = 4; lastKnownFileType = sourcecode.swift; path = UserDefaultsManager.swift; sourceTree = "<group>"; };
		000CCE581FB20A8100F81C03 /* SectionController.swift */ = {isa = PBXFileReference; lastKnownFileType = sourcecode.swift; path = SectionController.swift; sourceTree = "<group>"; };
		003D22DD1FBF0AC800AAA9DF /* cam.jpg */ = {isa = PBXFileReference; lastKnownFileType = image.jpeg; name = cam.jpg; path = Images/cam.jpg; sourceTree = "<group>"; };
		003D22DF1FBF0DF200AAA9DF /* nothing.png */ = {isa = PBXFileReference; lastKnownFileType = image.png; name = nothing.png; path = Images/nothing.png; sourceTree = "<group>"; };
		0058B05F1F127B6E008EA176 /* laShop.app */ = {isa = PBXFileReference; explicitFileType = wrapper.application; includeInIndex = 0; path = laShop.app; sourceTree = BUILT_PRODUCTS_DIR; };
		0058B0621F127B6E008EA176 /* AppDelegate.swift */ = {isa = PBXFileReference; lastKnownFileType = sourcecode.swift; path = AppDelegate.swift; sourceTree = "<group>"; };
		0058B0641F127B6E008EA176 /* MainViewController.swift */ = {isa = PBXFileReference; lastKnownFileType = sourcecode.swift; path = MainViewController.swift; sourceTree = "<group>"; };
		0058B0671F127B6E008EA176 /* Base */ = {isa = PBXFileReference; lastKnownFileType = file.storyboard; name = Base; path = Base.lproj/Main.storyboard; sourceTree = "<group>"; };
		0058B0691F127B6E008EA176 /* Assets.xcassets */ = {isa = PBXFileReference; lastKnownFileType = folder.assetcatalog; path = Assets.xcassets; sourceTree = "<group>"; };
		0058B06C1F127B6E008EA176 /* Base */ = {isa = PBXFileReference; lastKnownFileType = file.storyboard; name = Base; path = Base.lproj/LaunchScreen.storyboard; sourceTree = "<group>"; };
		0058B06E1F127B6E008EA176 /* Info.plist */ = {isa = PBXFileReference; lastKnownFileType = text.plist.xml; path = Info.plist; sourceTree = "<group>"; };
		00CFD6841FBB753B00ECC0CD /* AdminViewController.swift */ = {isa = PBXFileReference; lastKnownFileType = sourcecode.swift; path = AdminViewController.swift; sourceTree = "<group>"; };
		00CFD6861FBB75CD00ECC0CD /* Parser2.swift */ = {isa = PBXFileReference; lastKnownFileType = sourcecode.swift; path = Parser2.swift; sourceTree = "<group>"; };
		00F85DF21F129877001B2255 /* Parser1.swift */ = {isa = PBXFileReference; lastKnownFileType = sourcecode.swift; path = Parser1.swift; sourceTree = "<group>"; };
		7E07B3771FD67BA90012145E /* cambg.jpg */ = {isa = PBXFileReference; lastKnownFileType = image.jpeg; name = cambg.jpg; path = Images/cambg.jpg; sourceTree = "<group>"; };
		7E07B3791FD680D60012145E /* cam3bg.jpg */ = {isa = PBXFileReference; lastKnownFileType = image.jpeg; name = cam3bg.jpg; path = Images/cam3bg.jpg; sourceTree = "<group>"; };
		7E13CD3F1FDCD0540085D218 /* Icon-87.png */ = {isa = PBXFileReference; lastKnownFileType = image.png; name = "Icon-87.png"; path = "icones/Icon-87.png"; sourceTree = "<group>"; };
		7E13CD401FDCD0540085D218 /* Icon-64.png */ = {isa = PBXFileReference; lastKnownFileType = image.png; name = "Icon-64.png"; path = "icones/Icon-64.png"; sourceTree = "<group>"; };
		7E13CD411FDCD0540085D218 /* Icon-58.png */ = {isa = PBXFileReference; lastKnownFileType = image.png; name = "Icon-58.png"; path = "icones/Icon-58.png"; sourceTree = "<group>"; };
		7E13CD421FDCD0540085D218 /* Icon-55.png */ = {isa = PBXFileReference; lastKnownFileType = image.png; name = "Icon-55.png"; path = "icones/Icon-55.png"; sourceTree = "<group>"; };
		7E13CD431FDCD0540085D218 /* Icon-60.png */ = {isa = PBXFileReference; lastKnownFileType = image.png; name = "Icon-60.png"; path = "icones/Icon-60.png"; sourceTree = "<group>"; };
		7E13CD441FDCD0540085D218 /* Icon-172.png */ = {isa = PBXFileReference; lastKnownFileType = image.png; name = "Icon-172.png"; path = "icones/Icon-172.png"; sourceTree = "<group>"; };
		7E13CD451FDCD0540085D218 /* Icon-512.png */ = {isa = PBXFileReference; lastKnownFileType = image.png; name = "Icon-512.png"; path = "icones/Icon-512.png"; sourceTree = "<group>"; };
		7E13CD461FDCD0540085D218 /* Icon-1024.png */ = {isa = PBXFileReference; lastKnownFileType = image.png; name = "Icon-1024.png"; path = "icones/Icon-1024.png"; sourceTree = "<group>"; };
		7E13CD471FDCD0540085D218 /* Icon-40.png */ = {isa = PBXFileReference; lastKnownFileType = image.png; name = "Icon-40.png"; path = "icones/Icon-40.png"; sourceTree = "<group>"; };
		7E13CD481FDCD0540085D218 /* Icon-32.png */ = {isa = PBXFileReference; lastKnownFileType = image.png; name = "Icon-32.png"; path = "icones/Icon-32.png"; sourceTree = "<group>"; };
		7E13CD491FDCD0540085D218 /* Icon-152.png */ = {isa = PBXFileReference; lastKnownFileType = image.png; name = "Icon-152.png"; path = "icones/Icon-152.png"; sourceTree = "<group>"; };
		7E13CD4A1FDCD0540085D218 /* Icon-29.png */ = {isa = PBXFileReference; lastKnownFileType = image.png; name = "Icon-29.png"; path = "icones/Icon-29.png"; sourceTree = "<group>"; };
		7E13CD4B1FDCD0540085D218 /* Icon-144.png */ = {isa = PBXFileReference; lastKnownFileType = image.png; name = "Icon-144.png"; path = "icones/Icon-144.png"; sourceTree = "<group>"; };
		7E13CD4C1FDCD0550085D218 /* Icon-50.png */ = {isa = PBXFileReference; lastKnownFileType = image.png; name = "Icon-50.png"; path = "icones/Icon-50.png"; sourceTree = "<group>"; };
		7E13CD4D1FDCD0550085D218 /* Icon-120.png */ = {isa = PBXFileReference; lastKnownFileType = image.png; name = "Icon-120.png"; path = "icones/Icon-120.png"; sourceTree = "<group>"; };
		7E13CD4E1FDCD0550085D218 /* Icon-57.png */ = {isa = PBXFileReference; lastKnownFileType = image.png; name = "Icon-57.png"; path = "icones/Icon-57.png"; sourceTree = "<group>"; };
		7E13CD4F1FDCD0550085D218 /* Icon-48.png */ = {isa = PBXFileReference; lastKnownFileType = image.png; name = "Icon-48.png"; path = "icones/Icon-48.png"; sourceTree = "<group>"; };
		7E13CD501FDCD0550085D218 /* Icon-196.png */ = {isa = PBXFileReference; lastKnownFileType = image.png; name = "Icon-196.png"; path = "icones/Icon-196.png"; sourceTree = "<group>"; };
		7E13CD511FDCD0550085D218 /* Icon-167.png */ = {isa = PBXFileReference; lastKnownFileType = image.png; name = "Icon-167.png"; path = "icones/Icon-167.png"; sourceTree = "<group>"; };
		7E13CD521FDCD0550085D218 /* Icon-16.png */ = {isa = PBXFileReference; lastKnownFileType = image.png; name = "Icon-16.png"; path = "icones/Icon-16.png"; sourceTree = "<group>"; };
		7E13CD531FDCD0550085D218 /* Icon-20.png */ = {isa = PBXFileReference; lastKnownFileType = image.png; name = "Icon-20.png"; path = "icones/Icon-20.png"; sourceTree = "<group>"; };
		7E13CD541FDCD0550085D218 /* Icon-100.png */ = {isa = PBXFileReference; lastKnownFileType = image.png; name = "Icon-100.png"; path = "icones/Icon-100.png"; sourceTree = "<group>"; };
		7E13CD551FDCD0550085D218 /* Icon-114.png */ = {isa = PBXFileReference; lastKnownFileType = image.png; name = "Icon-114.png"; path = "icones/Icon-114.png"; sourceTree = "<group>"; };
		7E13CD561FDCD0550085D218 /* Icon-128.png */ = {isa = PBXFileReference; lastKnownFileType = image.png; name = "Icon-128.png"; path = "icones/Icon-128.png"; sourceTree = "<group>"; };
		7E13CD571FDCD0560085D218 /* Icon-180.png */ = {isa = PBXFileReference; lastKnownFileType = image.png; name = "Icon-180.png"; path = "icones/Icon-180.png"; sourceTree = "<group>"; };
		7E13CD591FDCD0560085D218 /* Icon-76.png */ = {isa = PBXFileReference; lastKnownFileType = image.png; name = "Icon-76.png"; path = "icones/Icon-76.png"; sourceTree = "<group>"; };
		7E13CD5A1FDCD0560085D218 /* Icon-88.png */ = {isa = PBXFileReference; lastKnownFileType = image.png; name = "Icon-88.png"; path = "icones/Icon-88.png"; sourceTree = "<group>"; };
		7E13CD5B1FDCD0560085D218 /* Icon-256.png */ = {isa = PBXFileReference; lastKnownFileType = image.png; name = "Icon-256.png"; path = "icones/Icon-256.png"; sourceTree = "<group>"; };
		7E13CD5C1FDCD0560085D218 /* Icon-72.png */ = {isa = PBXFileReference; lastKnownFileType = image.png; name = "Icon-72.png"; path = "icones/Icon-72.png"; sourceTree = "<group>"; };
		7E13CD5D1FDCD0560085D218 /* Icon-80.png */ = {isa = PBXFileReference; lastKnownFileType = image.png; name = "Icon-80.png"; path = "icones/Icon-80.png"; sourceTree = "<group>"; };
		7E13CD7D1FDCD4910085D218 /* Images */ = {isa = PBXFileReference; lastKnownFileType = folder; path = Images; sourceTree = "<group>"; };
		7EE0759D1FD6DCF800EFD72E /* RoundTableView.swift */ = {isa = PBXFileReference; fileEncoding = 4; lastKnownFileType = sourcecode.swift; path = RoundTableView.swift; sourceTree = "<group>"; };
		7EE0759F1FD6DE5900EFD72E /* Roundbutton.swift */ = {isa = PBXFileReference; fileEncoding = 4; lastKnownFileType = sourcecode.swift; path = Roundbutton.swift; sourceTree = "<group>"; };
		7EE43B8C1FD6F4DB0007AD76 /* RoundView.swift */ = {isa = PBXFileReference; fileEncoding = 4; lastKnownFileType = sourcecode.swift; path = RoundView.swift; sourceTree = "<group>"; };
		7EE43B8E1FD6F7390007AD76 /* RoundImageView.swift */ = {isa = PBXFileReference; lastKnownFileType = sourcecode.swift; path = RoundImageView.swift; sourceTree = "<group>"; };
		7EF664A61FD6E00B00B284D4 /* logo_lashop.png */ = {isa = PBXFileReference; lastKnownFileType = image.png; name = logo_lashop.png; path = Images/logo_lashop.png; sourceTree = "<group>"; };
		7EF664A81FD6E5E800B284D4 /* Blurred_slider_background.jpg */ = {isa = PBXFileReference; lastKnownFileType = image.jpeg; name = Blurred_slider_background.jpg; path = Images/Blurred_slider_background.jpg; sourceTree = "<group>"; };
/* End PBXFileReference section */

/* Begin PBXFrameworksBuildPhase section */
		0058B05C1F127B6E008EA176 /* Frameworks */ = {
			isa = PBXFrameworksBuildPhase;
			buildActionMask = 2147483647;
			files = (
			);
			runOnlyForDeploymentPostprocessing = 0;
		};
/* End PBXFrameworksBuildPhase section */

/* Begin PBXGroup section */
		003D22DC1FBF0AA000AAA9DF /* Images */ = {
			isa = PBXGroup;
			children = (
				7E13CD7D1FDCD4910085D218 /* Images */,
				7EF664A81FD6E5E800B284D4 /* Blurred_slider_background.jpg */,
				7EF664A61FD6E00B00B284D4 /* logo_lashop.png */,
				7E07B3791FD680D60012145E /* cam3bg.jpg */,
				7E07B3771FD67BA90012145E /* cambg.jpg */,
				003D22DF1FBF0DF200AAA9DF /* nothing.png */,
				003D22DD1FBF0AC800AAA9DF /* cam.jpg */,
			);
			name = Images;
			sourceTree = "<group>";
		};
		0058B0561F127B6D008EA176 = {
			isa = PBXGroup;
			children = (
				0058B0611F127B6E008EA176 /* laShop */,
				0058B0601F127B6E008EA176 /* Products */,
			);
			sourceTree = "<group>";
		};
		0058B0601F127B6E008EA176 /* Products */ = {
			isa = PBXGroup;
			children = (
				0058B05F1F127B6E008EA176 /* laShop.app */,
			);
			name = Products;
			sourceTree = "<group>";
		};
		0058B0611F127B6E008EA176 /* laShop */ = {
			isa = PBXGroup;
			children = (
				7E13CD3E1FDCCCEC0085D218 /* icones */,
				003D22DC1FBF0AA000AAA9DF /* Images */,
				000CCE541FB20A5800F81C03 /* Animate.swift */,
				000CCE551FB20A5800F81C03 /* UserDefaultsManager.swift */,
				0058B0621F127B6E008EA176 /* AppDelegate.swift */,
				0058B0641F127B6E008EA176 /* MainViewController.swift */,
				00CFD6841FBB753B00ECC0CD /* AdminViewController.swift */,
				000CCE581FB20A8100F81C03 /* SectionController.swift */,
				0058B0661F127B6E008EA176 /* Main.storyboard */,
				7EE43B8E1FD6F7390007AD76 /* RoundImageView.swift */,
				00F85DF21F129877001B2255 /* Parser1.swift */,
				00CFD6861FBB75CD00ECC0CD /* Parser2.swift */,
				7EE0759D1FD6DCF800EFD72E /* RoundTableView.swift */,
				7EE43B8C1FD6F4DB0007AD76 /* RoundView.swift */,
				7EE0759F1FD6DE5900EFD72E /* Roundbutton.swift */,
				0058B0691F127B6E008EA176 /* Assets.xcassets */,
				0058B06B1F127B6E008EA176 /* LaunchScreen.storyboard */,
				0058B06E1F127B6E008EA176 /* Info.plist */,
			);
			path = laShop;
			sourceTree = "<group>";
		};
		7E13CD3E1FDCCCEC0085D218 /* icones */ = {
			isa = PBXGroup;
			children = (
				7E13CD521FDCD0550085D218 /* Icon-16.png */,
				7E13CD531FDCD0550085D218 /* Icon-20.png */,
				7E13CD4A1FDCD0540085D218 /* Icon-29.png */,
				7E13CD481FDCD0540085D218 /* Icon-32.png */,
				7E13CD471FDCD0540085D218 /* Icon-40.png */,
				7E13CD4F1FDCD0550085D218 /* Icon-48.png */,
				7E13CD4C1FDCD0550085D218 /* Icon-50.png */,
				7E13CD421FDCD0540085D218 /* Icon-55.png */,
				7E13CD4E1FDCD0550085D218 /* Icon-57.png */,
				7E13CD411FDCD0540085D218 /* Icon-58.png */,
				7E13CD431FDCD0540085D218 /* Icon-60.png */,
				7E13CD401FDCD0540085D218 /* Icon-64.png */,
				7E13CD5C1FDCD0560085D218 /* Icon-72.png */,
				7E13CD591FDCD0560085D218 /* Icon-76.png */,
				7E13CD5D1FDCD0560085D218 /* Icon-80.png */,
				7E13CD3F1FDCD0540085D218 /* Icon-87.png */,
				7E13CD5A1FDCD0560085D218 /* Icon-88.png */,
				7E13CD541FDCD0550085D218 /* Icon-100.png */,
				7E13CD551FDCD0550085D218 /* Icon-114.png */,
				7E13CD4D1FDCD0550085D218 /* Icon-120.png */,
				7E13CD561FDCD0550085D218 /* Icon-128.png */,
				7E13CD4B1FDCD0540085D218 /* Icon-144.png */,
				7E13CD491FDCD0540085D218 /* Icon-152.png */,
				7E13CD511FDCD0550085D218 /* Icon-167.png */,
				7E13CD441FDCD0540085D218 /* Icon-172.png */,
				7E13CD571FDCD0560085D218 /* Icon-180.png */,
				7E13CD501FDCD0550085D218 /* Icon-196.png */,
				7E13CD5B1FDCD0560085D218 /* Icon-256.png */,
				7E13CD451FDCD0540085D218 /* Icon-512.png */,
				7E13CD461FDCD0540085D218 /* Icon-1024.png */,
			);
			name = icones;
			sourceTree = "<group>";
		};
/* End PBXGroup section */

/* Begin PBXNativeTarget section */
		0058B05E1F127B6E008EA176 /* laShop */ = {
			isa = PBXNativeTarget;
			buildConfigurationList = 0058B0711F127B6E008EA176 /* Build configuration list for PBXNativeTarget "laShop" */;
			buildPhases = (
				0058B05B1F127B6E008EA176 /* Sources */,
				0058B05C1F127B6E008EA176 /* Frameworks */,
				0058B05D1F127B6E008EA176 /* Resources */,
			);
			buildRules = (
			);
			dependencies = (
			);
			name = laShop;
			productName = laShop;
			productReference = 0058B05F1F127B6E008EA176 /* laShop.app */;
			productType = "com.apple.product-type.application";
		};
/* End PBXNativeTarget section */

/* Begin PBXProject section */
		0058B0571F127B6D008EA176 /* Project object */ = {
			isa = PBXProject;
			attributes = {
				LastSwiftUpdateCheck = 0900;
				LastUpgradeCheck = 0910;
				ORGANIZATIONNAME = "Mario Geneau";
				TargetAttributes = {
					0058B05E1F127B6E008EA176 = {
						CreatedOnToolsVersion = 9.0;
					};
				};
			};
			buildConfigurationList = 0058B05A1F127B6D008EA176 /* Build configuration list for PBXProject "laShop" */;
			compatibilityVersion = "Xcode 8.0";
			developmentRegion = en;
			hasScannedForEncodings = 0;
			knownRegions = (
				en,
				Base,
			);
			mainGroup = 0058B0561F127B6D008EA176;
			productRefGroup = 0058B0601F127B6E008EA176 /* Products */;
			projectDirPath = "";
			projectRoot = "";
			targets = (
				0058B05E1F127B6E008EA176 /* laShop */,
			);
		};
/* End PBXProject section */

/* Begin PBXResourcesBuildPhase section */
		0058B05D1F127B6E008EA176 /* Resources */ = {
			isa = PBXResourcesBuildPhase;
			buildActionMask = 2147483647;
			files = (
				7E13CD791FDCD0560085D218 /* Icon-88.png in Resources */,
				0058B06D1F127B6E008EA176 /* LaunchScreen.storyboard in Resources */,
				7EF664A71FD6E00B00B284D4 /* logo_lashop.png in Resources */,
				7E07B37A1FD680D60012145E /* cam3bg.jpg in Resources */,
				0058B06A1F127B6E008EA176 /* Assets.xcassets in Resources */,
				7E13CD7E1FDCD4910085D218 /* Images in Resources */,
				7E13CD651FDCD0560085D218 /* Icon-1024.png in Resources */,
				7E13CD611FDCD0560085D218 /* Icon-55.png in Resources */,
				7EF664A91FD6E5E800B284D4 /* Blurred_slider_background.jpg in Resources */,
				7E13CD601FDCD0560085D218 /* Icon-58.png in Resources */,
				7E13CD721FDCD0560085D218 /* Icon-20.png in Resources */,
				7E13CD661FDCD0560085D218 /* Icon-40.png in Resources */,
				0058B0681F127B6E008EA176 /* Main.storyboard in Resources */,
				7E13CD741FDCD0560085D218 /* Icon-114.png in Resources */,
				7E13CD6D1FDCD0560085D218 /* Icon-57.png in Resources */,
				7E13CD701FDCD0560085D218 /* Icon-167.png in Resources */,
				7E13CD731FDCD0560085D218 /* Icon-100.png in Resources */,
				7E13CD671FDCD0560085D218 /* Icon-32.png in Resources */,
				7E13CD781FDCD0560085D218 /* Icon-76.png in Resources */,
				7E13CD751FDCD0560085D218 /* Icon-128.png in Resources */,
				003D22E01FBF0DF200AAA9DF /* nothing.png in Resources */,
				7E13CD6B1FDCD0560085D218 /* Icon-50.png in Resources */,
				7E13CD5F1FDCD0560085D218 /* Icon-64.png in Resources */,
				7E13CD761FDCD0560085D218 /* Icon-180.png in Resources */,
				7E13CD681FDCD0560085D218 /* Icon-152.png in Resources */,
				7E13CD691FDCD0560085D218 /* Icon-29.png in Resources */,
				7E13CD6C1FDCD0560085D218 /* Icon-120.png in Resources */,
				7E13CD6E1FDCD0560085D218 /* Icon-48.png in Resources */,
				7E07B3781FD67BA90012145E /* cambg.jpg in Resources */,
				003D22DE1FBF0AC900AAA9DF /* cam.jpg in Resources */,
				7E13CD7A1FDCD0560085D218 /* Icon-256.png in Resources */,
				7E13CD621FDCD0560085D218 /* Icon-60.png in Resources */,
				7E13CD6A1FDCD0560085D218 /* Icon-144.png in Resources */,
				7E13CD711FDCD0560085D218 /* Icon-16.png in Resources */,
				7E13CD641FDCD0560085D218 /* Icon-512.png in Resources */,
				7E13CD7B1FDCD0560085D218 /* Icon-72.png in Resources */,
				7E13CD7C1FDCD0560085D218 /* Icon-80.png in Resources */,
				7E13CD631FDCD0560085D218 /* Icon-172.png in Resources */,
				7E13CD6F1FDCD0560085D218 /* Icon-196.png in Resources */,
				7E13CD5E1FDCD0560085D218 /* Icon-87.png in Resources */,
			);
			runOnlyForDeploymentPostprocessing = 0;
		};
/* End PBXResourcesBuildPhase section */

/* Begin PBXSourcesBuildPhase section */
		0058B05B1F127B6E008EA176 /* Sources */ = {
			isa = PBXSourcesBuildPhase;
			buildActionMask = 2147483647;
			files = (
				0058B0651F127B6E008EA176 /* MainViewController.swift in Sources */,
				7EE43B8D1FD6F4DB0007AD76 /* RoundView.swift in Sources */,
				000CCE571FB20A5800F81C03 /* UserDefaultsManager.swift in Sources */,
				0058B0631F127B6E008EA176 /* AppDelegate.swift in Sources */,
				00F85DF31F129877001B2255 /* Parser1.swift in Sources */,
				7EE43B8F1FD6F7390007AD76 /* RoundImageView.swift in Sources */,
				7EE075A01FD6DE5900EFD72E /* Roundbutton.swift in Sources */,
				7EE0759E1FD6DCF800EFD72E /* RoundTableView.swift in Sources */,
				00CFD6851FBB753B00ECC0CD /* AdminViewController.swift in Sources */,
				000CCE561FB20A5800F81C03 /* Animate.swift in Sources */,
				000CCE591FB20A8100F81C03 /* SectionController.swift in Sources */,
				00CFD6871FBB75CD00ECC0CD /* Parser2.swift in Sources */,
			);
			runOnlyForDeploymentPostprocessing = 0;
		};
/* End PBXSourcesBuildPhase section */

/* Begin PBXVariantGroup section */
		0058B0661F127B6E008EA176 /* Main.storyboard */ = {
			isa = PBXVariantGroup;
			children = (
				0058B0671F127B6E008EA176 /* Base */,
			);
			name = Main.storyboard;
			sourceTree = "<group>";
		};
		0058B06B1F127B6E008EA176 /* LaunchScreen.storyboard */ = {
			isa = PBXVariantGroup;
			children = (
				0058B06C1F127B6E008EA176 /* Base */,
			);
			name = LaunchScreen.storyboard;
			sourceTree = "<group>";
		};
/* End PBXVariantGroup section */

/* Begin XCBuildConfiguration section */
		0058B06F1F127B6E008EA176 /* Debug */ = {
			isa = XCBuildConfiguration;
			buildSettings = {
				ALWAYS_SEARCH_USER_PATHS = NO;
				CLANG_ANALYZER_NONNULL = YES;
				CLANG_ANALYZER_NUMBER_OBJECT_CONVERSION = YES_AGGRESSIVE;
				CLANG_CXX_LANGUAGE_STANDARD = "gnu++14";
				CLANG_CXX_LIBRARY = "libc++";
				CLANG_ENABLE_MODULES = YES;
				CLANG_ENABLE_OBJC_ARC = YES;
				CLANG_WARN_BLOCK_CAPTURE_AUTORELEASING = YES;
				CLANG_WARN_BOOL_CONVERSION = YES;
				CLANG_WARN_COMMA = YES;
				CLANG_WARN_CONSTANT_CONVERSION = YES;
				CLANG_WARN_DIRECT_OBJC_ISA_USAGE = YES_ERROR;
				CLANG_WARN_DOCUMENTATION_COMMENTS = YES;
				CLANG_WARN_EMPTY_BODY = YES;
				CLANG_WARN_ENUM_CONVERSION = YES;
				CLANG_WARN_INFINITE_RECURSION = YES;
				CLANG_WARN_INT_CONVERSION = YES;
				CLANG_WARN_NON_LITERAL_NULL_CONVERSION = YES;
				CLANG_WARN_OBJC_LITERAL_CONVERSION = YES;
				CLANG_WARN_OBJC_ROOT_CLASS = YES_ERROR;
				CLANG_WARN_RANGE_LOOP_ANALYSIS = YES;
				CLANG_WARN_STRICT_PROTOTYPES = YES;
				CLANG_WARN_SUSPICIOUS_MOVE = YES;
				CLANG_WARN_UNGUARDED_AVAILABILITY = YES_AGGRESSIVE;
				CLANG_WARN_UNREACHABLE_CODE = YES;
				CLANG_WARN__DUPLICATE_METHOD_MATCH = YES;
				CODE_SIGN_IDENTITY = "iPhone Developer";
				COPY_PHASE_STRIP = NO;
				DEBUG_INFORMATION_FORMAT = dwarf;
				ENABLE_STRICT_OBJC_MSGSEND = YES;
				ENABLE_TESTABILITY = YES;
				GCC_C_LANGUAGE_STANDARD = gnu11;
				GCC_DYNAMIC_NO_PIC = NO;
				GCC_NO_COMMON_BLOCKS = YES;
				GCC_OPTIMIZATION_LEVEL = 0;
				GCC_PREPROCESSOR_DEFINITIONS = (
					"DEBUG=1",
					"$(inherited)",
				);
				GCC_WARN_64_TO_32_BIT_CONVERSION = YES;
				GCC_WARN_ABOUT_RETURN_TYPE = YES_ERROR;
				GCC_WARN_UNDECLARED_SELECTOR = YES;
				GCC_WARN_UNINITIALIZED_AUTOS = YES_AGGRESSIVE;
				GCC_WARN_UNUSED_FUNCTION = YES;
				GCC_WARN_UNUSED_VARIABLE = YES;
				IPHONEOS_DEPLOYMENT_TARGET = 11.0;
				MTL_ENABLE_DEBUG_INFO = YES;
				ONLY_ACTIVE_ARCH = YES;
				SDKROOT = iphoneos;
				SWIFT_ACTIVE_COMPILATION_CONDITIONS = DEBUG;
				SWIFT_OPTIMIZATION_LEVEL = "-Onone";
			};
			name = Debug;
		};
		0058B0701F127B6E008EA176 /* Release */ = {
			isa = XCBuildConfiguration;
			buildSettings = {
				ALWAYS_SEARCH_USER_PATHS = NO;
				CLANG_ANALYZER_NONNULL = YES;
				CLANG_ANALYZER_NUMBER_OBJECT_CONVERSION = YES_AGGRESSIVE;
				CLANG_CXX_LANGUAGE_STANDARD = "gnu++14";
				CLANG_CXX_LIBRARY = "libc++";
				CLANG_ENABLE_MODULES = YES;
				CLANG_ENABLE_OBJC_ARC = YES;
				CLANG_WARN_BLOCK_CAPTURE_AUTORELEASING = YES;
				CLANG_WARN_BOOL_CONVERSION = YES;
				CLANG_WARN_COMMA = YES;
				CLANG_WARN_CONSTANT_CONVERSION = YES;
				CLANG_WARN_DIRECT_OBJC_ISA_USAGE = YES_ERROR;
				CLANG_WARN_DOCUMENTATION_COMMENTS = YES;
				CLANG_WARN_EMPTY_BODY = YES;
				CLANG_WARN_ENUM_CONVERSION = YES;
				CLANG_WARN_INFINITE_RECURSION = YES;
				CLANG_WARN_INT_CONVERSION = YES;
				CLANG_WARN_NON_LITERAL_NULL_CONVERSION = YES;
				CLANG_WARN_OBJC_LITERAL_CONVERSION = YES;
				CLANG_WARN_OBJC_ROOT_CLASS = YES_ERROR;
				CLANG_WARN_RANGE_LOOP_ANALYSIS = YES;
				CLANG_WARN_STRICT_PROTOTYPES = YES;
				CLANG_WARN_SUSPICIOUS_MOVE = YES;
				CLANG_WARN_UNGUARDED_AVAILABILITY = YES_AGGRESSIVE;
				CLANG_WARN_UNREACHABLE_CODE = YES;
				CLANG_WARN__DUPLICATE_METHOD_MATCH = YES;
				CODE_SIGN_IDENTITY = "iPhone Developer";
				COPY_PHASE_STRIP = NO;
				DEBUG_INFORMATION_FORMAT = "dwarf-with-dsym";
				ENABLE_NS_ASSERTIONS = NO;
				ENABLE_STRICT_OBJC_MSGSEND = YES;
				GCC_C_LANGUAGE_STANDARD = gnu11;
				GCC_NO_COMMON_BLOCKS = YES;
				GCC_WARN_64_TO_32_BIT_CONVERSION = YES;
				GCC_WARN_ABOUT_RETURN_TYPE = YES_ERROR;
				GCC_WARN_UNDECLARED_SELECTOR = YES;
				GCC_WARN_UNINITIALIZED_AUTOS = YES_AGGRESSIVE;
				GCC_WARN_UNUSED_FUNCTION = YES;
				GCC_WARN_UNUSED_VARIABLE = YES;
				IPHONEOS_DEPLOYMENT_TARGET = 11.0;
				MTL_ENABLE_DEBUG_INFO = NO;
				SDKROOT = iphoneos;
				SWIFT_OPTIMIZATION_LEVEL = "-Owholemodule";
				VALIDATE_PRODUCT = YES;
			};
			name = Release;
		};
		0058B0721F127B6E008EA176 /* Debug */ = {
			isa = XCBuildConfiguration;
			buildSettings = {
				ASSETCATALOG_COMPILER_APPICON_NAME = AppIcon;
				DEVELOPMENT_TEAM = "";
				INFOPLIST_FILE = laShop/Info.plist;
				LD_RUNPATH_SEARCH_PATHS = "$(inherited) @executable_path/Frameworks";
				PRODUCT_BUNDLE_IDENTIFIER = com.geneau.laShop;
				PRODUCT_NAME = "$(TARGET_NAME)";
				SWIFT_VERSION = 4.0;
				TARGETED_DEVICE_FAMILY = "1,2";
			};
			name = Debug;
		};
		0058B0731F127B6E008EA176 /* Release */ = {
			isa = XCBuildConfiguration;
			buildSettings = {
				ASSETCATALOG_COMPILER_APPICON_NAME = AppIcon;
				DEVELOPMENT_TEAM = "";
				INFOPLIST_FILE = laShop/Info.plist;
				LD_RUNPATH_SEARCH_PATHS = "$(inherited) @executable_path/Frameworks";
				PRODUCT_BUNDLE_IDENTIFIER = com.geneau.laShop;
				PRODUCT_NAME = "$(TARGET_NAME)";
				SWIFT_VERSION = 4.0;
				TARGETED_DEVICE_FAMILY = "1,2";
			};
			name = Release;
		};
/* End XCBuildConfiguration section */

/* Begin XCConfigurationList section */
		0058B05A1F127B6D008EA176 /* Build configuration list for PBXProject "laShop" */ = {
			isa = XCConfigurationList;
			buildConfigurations = (
				0058B06F1F127B6E008EA176 /* Debug */,
				0058B0701F127B6E008EA176 /* Release */,
			);
			defaultConfigurationIsVisible = 0;
			defaultConfigurationName = Release;
		};
		0058B0711F127B6E008EA176 /* Build configuration list for PBXNativeTarget "laShop" */ = {
			isa = XCConfigurationList;
			buildConfigurations = (
				0058B0721F127B6E008EA176 /* Debug */,
				0058B0731F127B6E008EA176 /* Release */,
			);
			defaultConfigurationIsVisible = 0;
			defaultConfigurationName = Release;
		};
/* End XCConfigurationList section */
	};
	rootObject = 0058B0571F127B6D008EA176 /* Project object */;
}
